
Microsoft Visual Studio Solution File, Format Version 12.00
# Visual Studio Version 16
VisualStudioVersion = 16.0.30717.126
MinimumVisualStudioVersion = 10.0.40219.1
Project("{FAE04EC0-301F-11D3-BF4B-00C04F79EFBC}") = "Metotlar", "Metotlar\Metotlar.csproj", "{9A29B64D-0C22-4D40-9D42-B35E76149AD4}"
EndProject
Global
	GlobalSection(SolutionConfigurationPlatforms) = preSolution
		Debug|Any CPU = Debug|Any CPU
		Release|Any CPU = Release|Any CPU
	EndGlobalSection
	GlobalSection(ProjectConfigurationPlatforms) = postSolution
		{9A29B64D-0C22-4D40-9D42-B35E76149AD4}.Debug|Any CPU.ActiveCfg = Debug|Any CPU
		{9A29B64D-0C22-4D40-9D42-B35E76149AD4}.Debug|Any CPU.Build.0 = Debug|Any CPU
		{9A29B64D-0C22-4D40-9D42-B35E76149AD4}.Release|Any CPU.ActiveCfg = Release|Any CPU
		{9A29B64D-0C22-4D40-9D42-B35E76149AD4}.Release|Any CPU.Build.0 = Release|Any CPU
	EndGlobalSection
	GlobalSection(SolutionProperties) = preSolution
		HideSolutionNode = FALSE
	EndGlobalSection
	GlobalSection(ExtensibilityGlobals) = postSolution
		SolutionGuid = {9E9851A9-088D-4251-9660-3E207409C48C}
	EndGlobalSection
EndGlobal
